
Microsoft Visual Studio Solution File, Format Version 12.00
# Visual Studio 15
VisualStudioVersion = 15.0.28307.1622
MinimumVisualStudioVersion = 10.0.40219.1
Project("{FAE04EC0-301F-11D3-BF4B-00C04F79EFBC}") = "Phys_Math", "Phys_Math\Phys_Math.csproj", "{1F061064-7B48-40AF-9FC6-879B71C76D4C}"
EndProject
Global
	GlobalSection(SolutionConfigurationPlatforms) = preSolution
		Debug|Any CPU = Debug|Any CPU
		Release|Any CPU = Release|Any CPU
	EndGlobalSection
	GlobalSection(ProjectConfigurationPlatforms) = postSolution
		{1F061064-7B48-40AF-9FC6-879B71C76D4C}.Debug|Any CPU.ActiveCfg = Debug|Any CPU
		{1F061064-7B48-40AF-9FC6-879B71C76D4C}.Debug|Any CPU.Build.0 = Debug|Any CPU
		{1F061064-7B48-40AF-9FC6-879B71C76D4C}.Release|Any CPU.ActiveCfg = Release|Any CPU
		{1F061064-7B48-40AF-9FC6-879B71C76D4C}.Release|Any CPU.Build.0 = Release|Any CPU
	EndGlobalSection
	GlobalSection(SolutionProperties) = preSolution
		HideSolutionNode = FALSE
	EndGlobalSection
	GlobalSection(ExtensibilityGlobals) = postSolution
		SolutionGuid = {C2299ECE-9281-4B9A-A283-AD9E3833421A}
	EndGlobalSection
EndGlobal
